
Microsoft Visual Studio Solution File, Format Version 12.00
# Visual Studio Version 17
VisualStudioVersion = 17.4.33110.190
MinimumVisualStudioVersion = 10.0.40219.1
Project("{FAE04EC0-301F-11D3-BF4B-00C04F79EFBC}") = "Todo", "Todo\Todo.csproj", "{EBAF6596-0C03-4CDE-8068-E71877D2A288}"
EndProject
Global
	GlobalSection(SolutionConfigurationPlatforms) = preSolution
		Debug|Any CPU = Debug|Any CPU
		Release|Any CPU = Release|Any CPU
	EndGlobalSection
	GlobalSection(ProjectConfigurationPlatforms) = postSolution
		{EBAF6596-0C03-4CDE-8068-E71877D2A288}.Debug|Any CPU.ActiveCfg = Debug|Any CPU
		{EBAF6596-0C03-4CDE-8068-E71877D2A288}.Debug|Any CPU.Build.0 = Debug|Any CPU
		{EBAF6596-0C03-4CDE-8068-E71877D2A288}.Release|Any CPU.ActiveCfg = Release|Any CPU
		{EBAF6596-0C03-4CDE-8068-E71877D2A288}.Release|Any CPU.Build.0 = Release|Any CPU
	EndGlobalSection
	GlobalSection(SolutionProperties) = preSolution
		HideSolutionNode = FALSE
	EndGlobalSection
	GlobalSection(ExtensibilityGlobals) = postSolution
		SolutionGuid = {320F5421-18A4-4807-A72E-79D5F3501CF8}
	EndGlobalSection
EndGlobal
